
Microsoft Visual Studio Solution File, Format Version 12.00
# Visual Studio 15
VisualStudioVersion = 15.0.28307.1022
MinimumVisualStudioVersion = 10.0.40219.1
Project("{9A19103F-16F7-4668-BE54-9A1E7A4F7556}") = "Spot.Start", "Spot.Start\Spot.Start.csproj", "{FDFB0005-7973-43E1-A7B4-17DEE4F6BD32}"
EndProject
Project("{2150E333-8FDC-42A3-9474-1A3956D46DE8}") = "Infrastructure", "Infrastructure", "{0BE04E85-C6A0-4B50-95AC-4D440B7360D7}"
EndProject
Project("{2150E333-8FDC-42A3-9474-1A3956D46DE8}") = "Layer.Behavioral", "Layer.Behavioral", "{312F85A4-082A-4E4B-9D68-0F121A8BC58E}"
EndProject
Project("{2150E333-8FDC-42A3-9474-1A3956D46DE8}") = "Layer.Control", "Layer.Control", "{7A30DCB7-80D8-4DF2-B28F-E93B519062A0}"
EndProject
Project("{2150E333-8FDC-42A3-9474-1A3956D46DE8}") = "Layer.Reactive", "Layer.Reactive", "{1C41DC1F-8360-484E-9587-2318CA61C744}"
EndProject
Project("{9A19103F-16F7-4668-BE54-9A1E7A4F7556}") = "Spot.Reactive", "Spot.Reactive\Spot.Reactive.csproj", "{8D6F2DA7-28A7-47E5-AF3B-9822B738F777}"
EndProject
Project("{9A19103F-16F7-4668-BE54-9A1E7A4F7556}") = "Robot.Messages", "Robot.Messages\Robot.Messages.csproj", "{081A51B6-1F0A-490E-9B3B-8C290D719C90}"
EndProject
Project("{FAE04EC0-301F-11D3-BF4B-00C04F79EFBC}") = "Spot.Drivers", "Spot.Drivers\Spot.Drivers.csproj", "{EDD62060-2DA0-49A3-A15D-C09325ED027E}"
EndProject
Project("{FAE04EC0-301F-11D3-BF4B-00C04F79EFBC}") = "Spot.Controllers", "Spot.Controllers\Spot.Controllers.csproj", "{82448AFE-7B74-4D0D-A497-714EAFFA10A6}"
EndProject
Global
	GlobalSection(SolutionConfigurationPlatforms) = preSolution
		Debug|Any CPU = Debug|Any CPU
		Release|Any CPU = Release|Any CPU
	EndGlobalSection
	GlobalSection(ProjectConfigurationPlatforms) = postSolution
		{FDFB0005-7973-43E1-A7B4-17DEE4F6BD32}.Debug|Any CPU.ActiveCfg = Debug|Any CPU
		{FDFB0005-7973-43E1-A7B4-17DEE4F6BD32}.Debug|Any CPU.Build.0 = Debug|Any CPU
		{FDFB0005-7973-43E1-A7B4-17DEE4F6BD32}.Release|Any CPU.ActiveCfg = Release|Any CPU
		{FDFB0005-7973-43E1-A7B4-17DEE4F6BD32}.Release|Any CPU.Build.0 = Release|Any CPU
		{8D6F2DA7-28A7-47E5-AF3B-9822B738F777}.Debug|Any CPU.ActiveCfg = Debug|Any CPU
		{8D6F2DA7-28A7-47E5-AF3B-9822B738F777}.Debug|Any CPU.Build.0 = Debug|Any CPU
		{8D6F2DA7-28A7-47E5-AF3B-9822B738F777}.Release|Any CPU.ActiveCfg = Release|Any CPU
		{8D6F2DA7-28A7-47E5-AF3B-9822B738F777}.Release|Any CPU.Build.0 = Release|Any CPU
		{081A51B6-1F0A-490E-9B3B-8C290D719C90}.Debug|Any CPU.ActiveCfg = Debug|Any CPU
		{081A51B6-1F0A-490E-9B3B-8C290D719C90}.Debug|Any CPU.Build.0 = Debug|Any CPU
		{081A51B6-1F0A-490E-9B3B-8C290D719C90}.Release|Any CPU.ActiveCfg = Release|Any CPU
		{081A51B6-1F0A-490E-9B3B-8C290D719C90}.Release|Any CPU.Build.0 = Release|Any CPU
		{EDD62060-2DA0-49A3-A15D-C09325ED027E}.Debug|Any CPU.ActiveCfg = Debug|Any CPU
		{EDD62060-2DA0-49A3-A15D-C09325ED027E}.Debug|Any CPU.Build.0 = Debug|Any CPU
		{EDD62060-2DA0-49A3-A15D-C09325ED027E}.Release|Any CPU.ActiveCfg = Release|Any CPU
		{EDD62060-2DA0-49A3-A15D-C09325ED027E}.Release|Any CPU.Build.0 = Release|Any CPU
		{82448AFE-7B74-4D0D-A497-714EAFFA10A6}.Debug|Any CPU.ActiveCfg = Debug|Any CPU
		{82448AFE-7B74-4D0D-A497-714EAFFA10A6}.Debug|Any CPU.Build.0 = Debug|Any CPU
		{82448AFE-7B74-4D0D-A497-714EAFFA10A6}.Release|Any CPU.ActiveCfg = Release|Any CPU
		{82448AFE-7B74-4D0D-A497-714EAFFA10A6}.Release|Any CPU.Build.0 = Release|Any CPU
	EndGlobalSection
	GlobalSection(SolutionProperties) = preSolution
		HideSolutionNode = FALSE
	EndGlobalSection
	GlobalSection(NestedProjects) = preSolution
		{FDFB0005-7973-43E1-A7B4-17DEE4F6BD32} = {0BE04E85-C6A0-4B50-95AC-4D440B7360D7}
		{8D6F2DA7-28A7-47E5-AF3B-9822B738F777} = {1C41DC1F-8360-484E-9587-2318CA61C744}
		{081A51B6-1F0A-490E-9B3B-8C290D719C90} = {0BE04E85-C6A0-4B50-95AC-4D440B7360D7}
		{EDD62060-2DA0-49A3-A15D-C09325ED027E} = {7A30DCB7-80D8-4DF2-B28F-E93B519062A0}
		{82448AFE-7B74-4D0D-A497-714EAFFA10A6} = {7A30DCB7-80D8-4DF2-B28F-E93B519062A0}
	EndGlobalSection
	GlobalSection(ExtensibilityGlobals) = postSolution
		SolutionGuid = {DDE71671-2B16-475B-83A6-161742DD4634}
	EndGlobalSection
EndGlobal
